
Microsoft Visual Studio Solution File, Format Version 12.00
# Visual Studio Version 16
VisualStudioVersion = 16.0.30406.217
MinimumVisualStudioVersion = 10.0.40219.1
Project("{2150E333-8FDC-42A3-9474-1A3956D46DE8}") = "Scryfall", "Scryfall", "{72B7C620-1C36-4F32-9738-A5877109BE49}"
EndProject
Project("{2150E333-8FDC-42A3-9474-1A3956D46DE8}") = "_SolutionItems", "_SolutionItems", "{C78CC9CC-7134-4624-A4FC-377A2692877B}"
	ProjectSection(SolutionItems) = preProject
		.editorconfig = .editorconfig
		readme.md = readme.md
	EndProjectSection
EndProject
Project("{9A19103F-16F7-4668-BE54-9A1E7A4F7556}") = "MtgInventoryBlazor", "MtgInventoryBlazor\MtgInventoryBlazor.csproj", "{41413621-500C-46E8-BF50-05027F9E110B}"
EndProject
Project("{9A19103F-16F7-4668-BE54-9A1E7A4F7556}") = "MtgDatabase", "MtgDatabase\MtgDatabase.csproj", "{3544A87F-D9FB-47D1-AA76-4BAA161E3B8C}"
EndProject
Project("{2150E333-8FDC-42A3-9474-1A3956D46DE8}") = "MtgDatabase", "MtgDatabase", "{1D3E02CF-ACCD-461D-8CCD-F806DA7A0906}"
EndProject
Project("{9A19103F-16F7-4668-BE54-9A1E7A4F7556}") = "MtgDatabaseConsole", "MtgDatabaseConsole\MtgDatabaseConsole.csproj", "{34974CD2-C610-4D50-B7CF-94AE05B311B9}"
EndProject
Project("{9A19103F-16F7-4668-BE54-9A1E7A4F7556}") = "MtgDatabase.Tests", "MtgDatabase.Tests\MtgDatabase.Tests.csproj", "{7795893E-7F1C-4349-AF9E-F509456C1B5F}"
EndProject
Project("{9A19103F-16F7-4668-BE54-9A1E7A4F7556}") = "ScryfallApiServices", "ScryfallApiServices\ScryfallApiServices.csproj", "{42CBEE64-490D-48DC-B7D9-28FC1CEF4BEB}"
EndProject
Project("{9A19103F-16F7-4668-BE54-9A1E7A4F7556}") = "ScryfallApiServices.Tests", "ScryfallApiServices.Tests\ScryfallApiServices.Tests.csproj", "{4B66E5EB-53A9-4E1E-9378-A7D5B07F9629}"
EndProject
Global
	GlobalSection(SolutionConfigurationPlatforms) = preSolution
		Debug|Any CPU = Debug|Any CPU
		Release|Any CPU = Release|Any CPU
	EndGlobalSection
	GlobalSection(ProjectConfigurationPlatforms) = postSolution
		{41413621-500C-46E8-BF50-05027F9E110B}.Debug|Any CPU.ActiveCfg = Debug|Any CPU
		{41413621-500C-46E8-BF50-05027F9E110B}.Debug|Any CPU.Build.0 = Debug|Any CPU
		{41413621-500C-46E8-BF50-05027F9E110B}.Release|Any CPU.ActiveCfg = Release|Any CPU
		{41413621-500C-46E8-BF50-05027F9E110B}.Release|Any CPU.Build.0 = Release|Any CPU
		{3544A87F-D9FB-47D1-AA76-4BAA161E3B8C}.Debug|Any CPU.ActiveCfg = Debug|Any CPU
		{3544A87F-D9FB-47D1-AA76-4BAA161E3B8C}.Debug|Any CPU.Build.0 = Debug|Any CPU
		{3544A87F-D9FB-47D1-AA76-4BAA161E3B8C}.Release|Any CPU.ActiveCfg = Release|Any CPU
		{3544A87F-D9FB-47D1-AA76-4BAA161E3B8C}.Release|Any CPU.Build.0 = Release|Any CPU
		{34974CD2-C610-4D50-B7CF-94AE05B311B9}.Debug|Any CPU.ActiveCfg = Debug|Any CPU
		{34974CD2-C610-4D50-B7CF-94AE05B311B9}.Debug|Any CPU.Build.0 = Debug|Any CPU
		{34974CD2-C610-4D50-B7CF-94AE05B311B9}.Release|Any CPU.ActiveCfg = Release|Any CPU
		{34974CD2-C610-4D50-B7CF-94AE05B311B9}.Release|Any CPU.Build.0 = Release|Any CPU
		{7795893E-7F1C-4349-AF9E-F509456C1B5F}.Debug|Any CPU.ActiveCfg = Debug|Any CPU
		{7795893E-7F1C-4349-AF9E-F509456C1B5F}.Debug|Any CPU.Build.0 = Debug|Any CPU
		{7795893E-7F1C-4349-AF9E-F509456C1B5F}.Release|Any CPU.ActiveCfg = Release|Any CPU
		{7795893E-7F1C-4349-AF9E-F509456C1B5F}.Release|Any CPU.Build.0 = Release|Any CPU
		{42CBEE64-490D-48DC-B7D9-28FC1CEF4BEB}.Debug|Any CPU.ActiveCfg = Debug|Any CPU
		{42CBEE64-490D-48DC-B7D9-28FC1CEF4BEB}.Debug|Any CPU.Build.0 = Debug|Any CPU
		{42CBEE64-490D-48DC-B7D9-28FC1CEF4BEB}.Release|Any CPU.ActiveCfg = Release|Any CPU
		{42CBEE64-490D-48DC-B7D9-28FC1CEF4BEB}.Release|Any CPU.Build.0 = Release|Any CPU
		{4B66E5EB-53A9-4E1E-9378-A7D5B07F9629}.Debug|Any CPU.ActiveCfg = Debug|Any CPU
		{4B66E5EB-53A9-4E1E-9378-A7D5B07F9629}.Debug|Any CPU.Build.0 = Debug|Any CPU
		{4B66E5EB-53A9-4E1E-9378-A7D5B07F9629}.Release|Any CPU.ActiveCfg = Release|Any CPU
		{4B66E5EB-53A9-4E1E-9378-A7D5B07F9629}.Release|Any CPU.Build.0 = Release|Any CPU
	EndGlobalSection
	GlobalSection(SolutionProperties) = preSolution
		HideSolutionNode = FALSE
	EndGlobalSection
	GlobalSection(NestedProjects) = preSolution
		{3544A87F-D9FB-47D1-AA76-4BAA161E3B8C} = {1D3E02CF-ACCD-461D-8CCD-F806DA7A0906}
		{34974CD2-C610-4D50-B7CF-94AE05B311B9} = {1D3E02CF-ACCD-461D-8CCD-F806DA7A0906}
		{7795893E-7F1C-4349-AF9E-F509456C1B5F} = {1D3E02CF-ACCD-461D-8CCD-F806DA7A0906}
		{42CBEE64-490D-48DC-B7D9-28FC1CEF4BEB} = {72B7C620-1C36-4F32-9738-A5877109BE49}
		{4B66E5EB-53A9-4E1E-9378-A7D5B07F9629} = {72B7C620-1C36-4F32-9738-A5877109BE49}
	EndGlobalSection
	GlobalSection(ExtensibilityGlobals) = postSolution
		SolutionGuid = {54E19809-5A03-4D4E-8C34-EF5F9BBFF040}
	EndGlobalSection
EndGlobal
