
Microsoft Visual Studio Solution File, Format Version 12.00
# Visual Studio 15
VisualStudioVersion = 15.0.27130.2010
MinimumVisualStudioVersion = 10.0.40219.1
Project("{9A19103F-16F7-4668-BE54-9A1E7A4F7556}") = "MtgScryfall", "MtgScryfall\MtgScryfall.csproj", "{2ABC2396-4B99-4752-92EE-6306ECC094D1}"
EndProject
Project("{FAE04EC0-301F-11D3-BF4B-00C04F79EFBC}") = "MtgScryfall.UnitTests", "MtgScryfall.UnitTests\MtgScryfall.UnitTests.csproj", "{EA4F7046-8D53-4A95-94A1-D13B75A3981F}"
EndProject
Global
	GlobalSection(SolutionConfigurationPlatforms) = preSolution
		Debug|Any CPU = Debug|Any CPU
		Release|Any CPU = Release|Any CPU
	EndGlobalSection
	GlobalSection(ProjectConfigurationPlatforms) = postSolution
		{2ABC2396-4B99-4752-92EE-6306ECC094D1}.Debug|Any CPU.ActiveCfg = Debug|Any CPU
		{2ABC2396-4B99-4752-92EE-6306ECC094D1}.Debug|Any CPU.Build.0 = Debug|Any CPU
		{2ABC2396-4B99-4752-92EE-6306ECC094D1}.Release|Any CPU.ActiveCfg = Release|Any CPU
		{2ABC2396-4B99-4752-92EE-6306ECC094D1}.Release|Any CPU.Build.0 = Release|Any CPU
		{EA4F7046-8D53-4A95-94A1-D13B75A3981F}.Debug|Any CPU.ActiveCfg = Debug|Any CPU
		{EA4F7046-8D53-4A95-94A1-D13B75A3981F}.Debug|Any CPU.Build.0 = Debug|Any CPU
		{EA4F7046-8D53-4A95-94A1-D13B75A3981F}.Release|Any CPU.ActiveCfg = Release|Any CPU
		{EA4F7046-8D53-4A95-94A1-D13B75A3981F}.Release|Any CPU.Build.0 = Release|Any CPU
	EndGlobalSection
	GlobalSection(SolutionProperties) = preSolution
		HideSolutionNode = FALSE
	EndGlobalSection
	GlobalSection(ExtensibilityGlobals) = postSolution
		SolutionGuid = {7E727B0E-6221-43C5-AE7E-B2C73CDB9AB1}
	EndGlobalSection
EndGlobal
